
Microsoft Visual Studio Solution File, Format Version 11.00
# Visual Studio 2010
Project("{FAE04EC0-301F-11D3-BF4B-00C04F79EFBC}") = "Assembly-CSharp", "Assembly-CSharp.csproj", "{3D773448-1CD2-B43A-C85E-4D95A9666415}"
EndProject
Project("{FAE04EC0-301F-11D3-BF4B-00C04F79EFBC}") = "Assembly-CSharp-Editor", "Assembly-CSharp-Editor.csproj", "{DC676815-66DD-C84B-5365-7BBD1C94FA6D}"
EndProject
Global
	GlobalSection(SolutionConfigurationPlatforms) = preSolution
		Debug|Any CPU = Debug|Any CPU
		Release|Any CPU = Release|Any CPU
	EndGlobalSection
	GlobalSection(ProjectConfigurationPlatforms) = postSolution
		{3D773448-1CD2-B43A-C85E-4D95A9666415}.Debug|Any CPU.ActiveCfg = Debug|Any CPU
		{3D773448-1CD2-B43A-C85E-4D95A9666415}.Debug|Any CPU.Build.0 = Debug|Any CPU
		{3D773448-1CD2-B43A-C85E-4D95A9666415}.Release|Any CPU.ActiveCfg = Release|Any CPU
		{3D773448-1CD2-B43A-C85E-4D95A9666415}.Release|Any CPU.Build.0 = Release|Any CPU
		{DC676815-66DD-C84B-5365-7BBD1C94FA6D}.Debug|Any CPU.ActiveCfg = Debug|Any CPU
		{DC676815-66DD-C84B-5365-7BBD1C94FA6D}.Debug|Any CPU.Build.0 = Debug|Any CPU
		{DC676815-66DD-C84B-5365-7BBD1C94FA6D}.Release|Any CPU.ActiveCfg = Release|Any CPU
		{DC676815-66DD-C84B-5365-7BBD1C94FA6D}.Release|Any CPU.Build.0 = Release|Any CPU
	EndGlobalSection
	GlobalSection(SolutionProperties) = preSolution
		HideSolutionNode = FALSE
	EndGlobalSection
EndGlobal
